// !$*UTF8*$!
{
	archiveVersion = 1;
	classes = {
	};
	objectVersion = 56;
	objects = {

/* Begin PBXBuildFile section */
		6964074028EBDFF900B0FEF9 /* SeenApp.swift in Sources */ = {isa = PBXBuildFile; fileRef = 6964073F28EBDFF900B0FEF9 /* SeenApp.swift */; };
		6964074228EBDFF900B0FEF9 /* ContentView.swift in Sources */ = {isa = PBXBuildFile; fileRef = 6964074128EBDFF900B0FEF9 /* ContentView.swift */; };
		6964074428EBDFFA00B0FEF9 /* Assets.xcassets in Resources */ = {isa = PBXBuildFile; fileRef = 6964074328EBDFFA00B0FEF9 /* Assets.xcassets */; };
		6964074828EBDFFA00B0FEF9 /* Preview Assets.xcassets in Resources */ = {isa = PBXBuildFile; fileRef = 6964074728EBDFFA00B0FEF9 /* Preview Assets.xcassets */; };
		6964075228EBDFFA00B0FEF9 /* SeenTests.swift in Sources */ = {isa = PBXBuildFile; fileRef = 6964075128EBDFFA00B0FEF9 /* SeenTests.swift */; };
		6964075C28EBDFFA00B0FEF9 /* SeenUITests.swift in Sources */ = {isa = PBXBuildFile; fileRef = 6964075B28EBDFFA00B0FEF9 /* SeenUITests.swift */; };
		6964075E28EBDFFA00B0FEF9 /* SeenUITestsLaunchTests.swift in Sources */ = {isa = PBXBuildFile; fileRef = 6964075D28EBDFFA00B0FEF9 /* SeenUITestsLaunchTests.swift */; };
		69B0CEC228EC24CE0092B578 /* SeenView.swift in Sources */ = {isa = PBXBuildFile; fileRef = 69B0CEC128EC24CE0092B578 /* SeenView.swift */; };
/* End PBXBuildFile section */

/* Begin PBXContainerItemProxy section */
		6964074E28EBDFFA00B0FEF9 /* PBXContainerItemProxy */ = {
			isa = PBXContainerItemProxy;
			containerPortal = 6964073428EBDFF900B0FEF9 /* Project object */;
			proxyType = 1;
			remoteGlobalIDString = 6964073B28EBDFF900B0FEF9;
			remoteInfo = Seen;
		};
		6964075828EBDFFA00B0FEF9 /* PBXContainerItemProxy */ = {
			isa = PBXContainerItemProxy;
			containerPortal = 6964073428EBDFF900B0FEF9 /* Project object */;
			proxyType = 1;
			remoteGlobalIDString = 6964073B28EBDFF900B0FEF9;
			remoteInfo = Seen;
		};
/* End PBXContainerItemProxy section */

/* Begin PBXFileReference section */
		6964073C28EBDFF900B0FEF9 /* Seen.app */ = {isa = PBXFileReference; explicitFileType = wrapper.application; includeInIndex = 0; path = Seen.app; sourceTree = BUILT_PRODUCTS_DIR; };
		6964073F28EBDFF900B0FEF9 /* SeenApp.swift */ = {isa = PBXFileReference; lastKnownFileType = sourcecode.swift; path = SeenApp.swift; sourceTree = "<group>"; };
		6964074128EBDFF900B0FEF9 /* ContentView.swift */ = {isa = PBXFileReference; lastKnownFileType = sourcecode.swift; path = ContentView.swift; sourceTree = "<group>"; };
		6964074328EBDFFA00B0FEF9 /* Assets.xcassets */ = {isa = PBXFileReference; lastKnownFileType = folder.assetcatalog; path = Assets.xcassets; sourceTree = "<group>"; };
		6964074528EBDFFA00B0FEF9 /* Seen.entitlements */ = {isa = PBXFileReference; lastKnownFileType = text.plist.entitlements; path = Seen.entitlements; sourceTree = "<group>"; };
		6964074728EBDFFA00B0FEF9 /* Preview Assets.xcassets */ = {isa = PBXFileReference; lastKnownFileType = folder.assetcatalog; path = "Preview Assets.xcassets"; sourceTree = "<group>"; };
		6964074D28EBDFFA00B0FEF9 /* SeenTests.xctest */ = {isa = PBXFileReference; explicitFileType = wrapper.cfbundle; includeInIndex = 0; path = SeenTests.xctest; sourceTree = BUILT_PRODUCTS_DIR; };
		6964075128EBDFFA00B0FEF9 /* SeenTests.swift */ = {isa = PBXFileReference; lastKnownFileType = sourcecode.swift; path = SeenTests.swift; sourceTree = "<group>"; };
		6964075728EBDFFA00B0FEF9 /* SeenUITests.xctest */ = {isa = PBXFileReference; explicitFileType = wrapper.cfbundle; includeInIndex = 0; path = SeenUITests.xctest; sourceTree = BUILT_PRODUCTS_DIR; };
		6964075B28EBDFFA00B0FEF9 /* SeenUITests.swift */ = {isa = PBXFileReference; lastKnownFileType = sourcecode.swift; path = SeenUITests.swift; sourceTree = "<group>"; };
		6964075D28EBDFFA00B0FEF9 /* SeenUITestsLaunchTests.swift */ = {isa = PBXFileReference; lastKnownFileType = sourcecode.swift; path = SeenUITestsLaunchTests.swift; sourceTree = "<group>"; };
		69B0CEC128EC24CE0092B578 /* SeenView.swift */ = {isa = PBXFileReference; lastKnownFileType = sourcecode.swift; path = SeenView.swift; sourceTree = "<group>"; };
/* End PBXFileReference section */

/* Begin PBXFrameworksBuildPhase section */
		6964073928EBDFF900B0FEF9 /* Frameworks */ = {
			isa = PBXFrameworksBuildPhase;
			buildActionMask = 2147483647;
			files = (
			);
			runOnlyForDeploymentPostprocessing = 0;
		};
		6964074A28EBDFFA00B0FEF9 /* Frameworks */ = {
			isa = PBXFrameworksBuildPhase;
			buildActionMask = 2147483647;
			files = (
			);
			runOnlyForDeploymentPostprocessing = 0;
		};
		6964075428EBDFFA00B0FEF9 /* Frameworks */ = {
			isa = PBXFrameworksBuildPhase;
			buildActionMask = 2147483647;
			files = (
			);
			runOnlyForDeploymentPostprocessing = 0;
		};
/* End PBXFrameworksBuildPhase section */

/* Begin PBXGroup section */
		6964073328EBDFF900B0FEF9 = {
			isa = PBXGroup;
			children = (
				6964073E28EBDFF900B0FEF9 /* Seen */,
				6964075028EBDFFA00B0FEF9 /* SeenTests */,
				6964075A28EBDFFA00B0FEF9 /* SeenUITests */,
				6964073D28EBDFF900B0FEF9 /* Products */,
			);
			sourceTree = "<group>";
		};
		6964073D28EBDFF900B0FEF9 /* Products */ = {
			isa = PBXGroup;
			children = (
				6964073C28EBDFF900B0FEF9 /* Seen.app */,
				6964074D28EBDFFA00B0FEF9 /* SeenTests.xctest */,
				6964075728EBDFFA00B0FEF9 /* SeenUITests.xctest */,
			);
			name = Products;
			sourceTree = "<group>";
		};
		6964073E28EBDFF900B0FEF9 /* Seen */ = {
			isa = PBXGroup;
			children = (
				6964073F28EBDFF900B0FEF9 /* SeenApp.swift */,
				69B0CEC128EC24CE0092B578 /* SeenView.swift */,
				6964074128EBDFF900B0FEF9 /* ContentView.swift */,
				6964074328EBDFFA00B0FEF9 /* Assets.xcassets */,
				6964074528EBDFFA00B0FEF9 /* Seen.entitlements */,
				6964074628EBDFFA00B0FEF9 /* Preview Content */,
			);
			path = Seen;
			sourceTree = "<group>";
		};
		6964074628EBDFFA00B0FEF9 /* Preview Content */ = {
			isa = PBXGroup;
			children = (
				6964074728EBDFFA00B0FEF9 /* Preview Assets.xcassets */,
			);
			path = "Preview Content";
			sourceTree = "<group>";
		};
		6964075028EBDFFA00B0FEF9 /* SeenTests */ = {
			isa = PBXGroup;
			children = (
				6964075128EBDFFA00B0FEF9 /* SeenTests.swift */,
			);
			path = SeenTests;
			sourceTree = "<group>";
		};
		6964075A28EBDFFA00B0FEF9 /* SeenUITests */ = {
			isa = PBXGroup;
			children = (
				6964075B28EBDFFA00B0FEF9 /* SeenUITests.swift */,
				6964075D28EBDFFA00B0FEF9 /* SeenUITestsLaunchTests.swift */,
			);
			path = SeenUITests;
			sourceTree = "<group>";
		};
/* End PBXGroup section */

/* Begin PBXNativeTarget section */
		6964073B28EBDFF900B0FEF9 /* Seen */ = {
			isa = PBXNativeTarget;
			buildConfigurationList = 6964076128EBDFFA00B0FEF9 /* Build configuration list for PBXNativeTarget "Seen" */;
			buildPhases = (
				6964073828EBDFF900B0FEF9 /* Sources */,
				6964073928EBDFF900B0FEF9 /* Frameworks */,
				6964073A28EBDFF900B0FEF9 /* Resources */,
			);
			buildRules = (
			);
			dependencies = (
			);
			name = Seen;
			productName = Seen;
			productReference = 6964073C28EBDFF900B0FEF9 /* Seen.app */;
			productType = "com.apple.product-type.application";
		};
		6964074C28EBDFFA00B0FEF9 /* SeenTests */ = {
			isa = PBXNativeTarget;
			buildConfigurationList = 6964076428EBDFFA00B0FEF9 /* Build configuration list for PBXNativeTarget "SeenTests" */;
			buildPhases = (
				6964074928EBDFFA00B0FEF9 /* Sources */,
				6964074A28EBDFFA00B0FEF9 /* Frameworks */,
				6964074B28EBDFFA00B0FEF9 /* Resources */,
			);
			buildRules = (
			);
			dependencies = (
				6964074F28EBDFFA00B0FEF9 /* PBXTargetDependency */,
			);
			name = SeenTests;
			productName = SeenTests;
			productReference = 6964074D28EBDFFA00B0FEF9 /* SeenTests.xctest */;
			productType = "com.apple.product-type.bundle.unit-test";
		};
		6964075628EBDFFA00B0FEF9 /* SeenUITests */ = {
			isa = PBXNativeTarget;
			buildConfigurationList = 6964076728EBDFFA00B0FEF9 /* Build configuration list for PBXNativeTarget "SeenUITests" */;
			buildPhases = (
				6964075328EBDFFA00B0FEF9 /* Sources */,
				6964075428EBDFFA00B0FEF9 /* Frameworks */,
				6964075528EBDFFA00B0FEF9 /* Resources */,
			);
			buildRules = (
			);
			dependencies = (
				6964075928EBDFFA00B0FEF9 /* PBXTargetDependency */,
			);
			name = SeenUITests;
			productName = SeenUITests;
			productReference = 6964075728EBDFFA00B0FEF9 /* SeenUITests.xctest */;
			productType = "com.apple.product-type.bundle.ui-testing";
		};
/* End PBXNativeTarget section */

/* Begin PBXProject section */
		6964073428EBDFF900B0FEF9 /* Project object */ = {
			isa = PBXProject;
			attributes = {
				BuildIndependentTargetsInParallel = 1;
				LastSwiftUpdateCheck = 1400;
				LastUpgradeCheck = 1400;
				TargetAttributes = {
					6964073B28EBDFF900B0FEF9 = {
						CreatedOnToolsVersion = 14.0.1;
					};
					6964074C28EBDFFA00B0FEF9 = {
						CreatedOnToolsVersion = 14.0.1;
						TestTargetID = 6964073B28EBDFF900B0FEF9;
					};
					6964075628EBDFFA00B0FEF9 = {
						CreatedOnToolsVersion = 14.0.1;
						TestTargetID = 6964073B28EBDFF900B0FEF9;
					};
				};
			};
			buildConfigurationList = 6964073728EBDFF900B0FEF9 /* Build configuration list for PBXProject "Seen" */;
			compatibilityVersion = "Xcode 14.0";
			developmentRegion = en;
			hasScannedForEncodings = 0;
			knownRegions = (
				en,
				Base,
			);
			mainGroup = 6964073328EBDFF900B0FEF9;
			productRefGroup = 6964073D28EBDFF900B0FEF9 /* Products */;
			projectDirPath = "";
			projectRoot = "";
			targets = (
				6964073B28EBDFF900B0FEF9 /* Seen */,
				6964074C28EBDFFA00B0FEF9 /* SeenTests */,
				6964075628EBDFFA00B0FEF9 /* SeenUITests */,
			);
		};
/* End PBXProject section */

/* Begin PBXResourcesBuildPhase section */
		6964073A28EBDFF900B0FEF9 /* Resources */ = {
			isa = PBXResourcesBuildPhase;
			buildActionMask = 2147483647;
			files = (
				6964074828EBDFFA00B0FEF9 /* Preview Assets.xcassets in Resources */,
				6964074428EBDFFA00B0FEF9 /* Assets.xcassets in Resources */,
			);
			runOnlyForDeploymentPostprocessing = 0;
		};
		6964074B28EBDFFA00B0FEF9 /* Resources */ = {
			isa = PBXResourcesBuildPhase;
			buildActionMask = 2147483647;
			files = (
			);
			runOnlyForDeploymentPostprocessing = 0;
		};
		6964075528EBDFFA00B0FEF9 /* Resources */ = {
			isa = PBXResourcesBuildPhase;
			buildActionMask = 2147483647;
			files = (
			);
			runOnlyForDeploymentPostprocessing = 0;
		};
/* End PBXResourcesBuildPhase section */

/* Begin PBXSourcesBuildPhase section */
		6964073828EBDFF900B0FEF9 /* Sources */ = {
			isa = PBXSourcesBuildPhase;
			buildActionMask = 2147483647;
			files = (
				6964074228EBDFF900B0FEF9 /* ContentView.swift in Sources */,
				6964074028EBDFF900B0FEF9 /* SeenApp.swift in Sources */,
				69B0CEC228EC24CE0092B578 /* SeenView.swift in Sources */,
			);
			runOnlyForDeploymentPostprocessing = 0;
		};
		6964074928EBDFFA00B0FEF9 /* Sources */ = {
			isa = PBXSourcesBuildPhase;
			buildActionMask = 2147483647;
			files = (
				6964075228EBDFFA00B0FEF9 /* SeenTests.swift in Sources */,
			);
			runOnlyForDeploymentPostprocessing = 0;
		};
		6964075328EBDFFA00B0FEF9 /* Sources */ = {
			isa = PBXSourcesBuildPhase;
			buildActionMask = 2147483647;
			files = (
				6964075C28EBDFFA00B0FEF9 /* SeenUITests.swift in Sources */,
				6964075E28EBDFFA00B0FEF9 /* SeenUITestsLaunchTests.swift in Sources */,
			);
			runOnlyForDeploymentPostprocessing = 0;
		};
/* End PBXSourcesBuildPhase section */

/* Begin PBXTargetDependency section */
		6964074F28EBDFFA00B0FEF9 /* PBXTargetDependency */ = {
			isa = PBXTargetDependency;
			target = 6964073B28EBDFF900B0FEF9 /* Seen */;
			targetProxy = 6964074E28EBDFFA00B0FEF9 /* PBXContainerItemProxy */;
		};
		6964075928EBDFFA00B0FEF9 /* PBXTargetDependency */ = {
			isa = PBXTargetDependency;
			target = 6964073B28EBDFF900B0FEF9 /* Seen */;
			targetProxy = 6964075828EBDFFA00B0FEF9 /* PBXContainerItemProxy */;
		};
/* End PBXTargetDependency section */

/* Begin XCBuildConfiguration section */
		6964075F28EBDFFA00B0FEF9 /* Debug */ = {
			isa = XCBuildConfiguration;
			buildSettings = {
				ALWAYS_SEARCH_USER_PATHS = NO;
				CLANG_ANALYZER_NONNULL = YES;
				CLANG_ANALYZER_NUMBER_OBJECT_CONVERSION = YES_AGGRESSIVE;
				CLANG_CXX_LANGUAGE_STANDARD = "gnu++20";
				CLANG_ENABLE_MODULES = YES;
				CLANG_ENABLE_OBJC_ARC = YES;
				CLANG_ENABLE_OBJC_WEAK = YES;
				CLANG_WARN_BLOCK_CAPTURE_AUTORELEASING = YES;
				CLANG_WARN_BOOL_CONVERSION = YES;
				CLANG_WARN_COMMA = YES;
				CLANG_WARN_CONSTANT_CONVERSION = YES;
				CLANG_WARN_DEPRECATED_OBJC_IMPLEMENTATIONS = YES;
				CLANG_WARN_DIRECT_OBJC_ISA_USAGE = YES_ERROR;
				CLANG_WARN_DOCUMENTATION_COMMENTS = YES;
				CLANG_WARN_EMPTY_BODY = YES;
				CLANG_WARN_ENUM_CONVERSION = YES;
				CLANG_WARN_INFINITE_RECURSION = YES;
				CLANG_WARN_INT_CONVERSION = YES;
				CLANG_WARN_NON_LITERAL_NULL_CONVERSION = YES;
				CLANG_WARN_OBJC_IMPLICIT_RETAIN_SELF = YES;
				CLANG_WARN_OBJC_LITERAL_CONVERSION = YES;
				CLANG_WARN_OBJC_ROOT_CLASS = YES_ERROR;
				CLANG_WARN_QUOTED_INCLUDE_IN_FRAMEWORK_HEADER = YES;
				CLANG_WARN_RANGE_LOOP_ANALYSIS = YES;
				CLANG_WARN_STRICT_PROTOTYPES = YES;
				CLANG_WARN_SUSPICIOUS_MOVE = YES;
				CLANG_WARN_UNGUARDED_AVAILABILITY = YES_AGGRESSIVE;
				CLANG_WARN_UNREACHABLE_CODE = YES;
				CLANG_WARN__DUPLICATE_METHOD_MATCH = YES;
				COPY_PHASE_STRIP = NO;
				DEBUG_INFORMATION_FORMAT = dwarf;
				ENABLE_STRICT_OBJC_MSGSEND = YES;
				ENABLE_TESTABILITY = YES;
				GCC_C_LANGUAGE_STANDARD = gnu11;
				GCC_DYNAMIC_NO_PIC = NO;
				GCC_NO_COMMON_BLOCKS = YES;
				GCC_OPTIMIZATION_LEVEL = 0;
				GCC_PREPROCESSOR_DEFINITIONS = (
					"DEBUG=1",
					"$(inherited)",
				);
				GCC_WARN_64_TO_32_BIT_CONVERSION = YES;
				GCC_WARN_ABOUT_RETURN_TYPE = YES_ERROR;
				GCC_WARN_UNDECLARED_SELECTOR = YES;
				GCC_WARN_UNINITIALIZED_AUTOS = YES_AGGRESSIVE;
				GCC_WARN_UNUSED_FUNCTION = YES;
				GCC_WARN_UNUSED_VARIABLE = YES;
				MTL_ENABLE_DEBUG_INFO = INCLUDE_SOURCE;
				MTL_FAST_MATH = YES;
				ONLY_ACTIVE_ARCH = YES;
				SWIFT_ACTIVE_COMPILATION_CONDITIONS = DEBUG;
				SWIFT_OPTIMIZATION_LEVEL = "-Onone";
			};
			name = Debug;
		};
		6964076028EBDFFA00B0FEF9 /* Release */ = {
			isa = XCBuildConfiguration;
			buildSettings = {
				ALWAYS_SEARCH_USER_PATHS = NO;
				CLANG_ANALYZER_NONNULL = YES;
				CLANG_ANALYZER_NUMBER_OBJECT_CONVERSION = YES_AGGRESSIVE;
				CLANG_CXX_LANGUAGE_STANDARD = "gnu++20";
				CLANG_ENABLE_MODULES = YES;
				CLANG_ENABLE_OBJC_ARC = YES;
				CLANG_ENABLE_OBJC_WEAK = YES;
				CLANG_WARN_BLOCK_CAPTURE_AUTORELEASING = YES;
				CLANG_WARN_BOOL_CONVERSION = YES;
				CLANG_WARN_COMMA = YES;
				CLANG_WARN_CONSTANT_CONVERSION = YES;
				CLANG_WARN_DEPRECATED_OBJC_IMPLEMENTATIONS = YES;
				CLANG_WARN_DIRECT_OBJC_ISA_USAGE = YES_ERROR;
				CLANG_WARN_DOCUMENTATION_COMMENTS = YES;
				CLANG_WARN_EMPTY_BODY = YES;
				CLANG_WARN_ENUM_CONVERSION = YES;
				CLANG_WARN_INFINITE_RECURSION = YES;
				CLANG_WARN_INT_CONVERSION = YES;
				CLANG_WARN_NON_LITERAL_NULL_CONVERSION = YES;
				CLANG_WARN_OBJC_IMPLICIT_RETAIN_SELF = YES;
				CLANG_WARN_OBJC_LITERAL_CONVERSION = YES;
				CLANG_WARN_OBJC_ROOT_CLASS = YES_ERROR;
				CLANG_WARN_QUOTED_INCLUDE_IN_FRAMEWORK_HEADER = YES;
				CLANG_WARN_RANGE_LOOP_ANALYSIS = YES;
				CLANG_WARN_STRICT_PROTOTYPES = YES;
				CLANG_WARN_SUSPICIOUS_MOVE = YES;
				CLANG_WARN_UNGUARDED_AVAILABILITY = YES_AGGRESSIVE;
				CLANG_WARN_UNREACHABLE_CODE = YES;
				CLANG_WARN__DUPLICATE_METHOD_MATCH = YES;
				COPY_PHASE_STRIP = NO;
				DEBUG_INFORMATION_FORMAT = "dwarf-with-dsym";
				ENABLE_NS_ASSERTIONS = NO;
				ENABLE_STRICT_OBJC_MSGSEND = YES;
				GCC_C_LANGUAGE_STANDARD = gnu11;
				GCC_NO_COMMON_BLOCKS = YES;
				GCC_WARN_64_TO_32_BIT_CONVERSION = YES;
				GCC_WARN_ABOUT_RETURN_TYPE = YES_ERROR;
				GCC_WARN_UNDECLARED_SELECTOR = YES;
				GCC_WARN_UNINITIALIZED_AUTOS = YES_AGGRESSIVE;
				GCC_WARN_UNUSED_FUNCTION = YES;
				GCC_WARN_UNUSED_VARIABLE = YES;
				MTL_ENABLE_DEBUG_INFO = NO;
				MTL_FAST_MATH = YES;
				SWIFT_COMPILATION_MODE = wholemodule;
				SWIFT_OPTIMIZATION_LEVEL = "-O";
			};
			name = Release;
		};
		6964076228EBDFFA00B0FEF9 /* Debug */ = {
			isa = XCBuildConfiguration;
			buildSettings = {
				ASSETCATALOG_COMPILER_APPICON_NAME = AppIcon;
				ASSETCATALOG_COMPILER_GLOBAL_ACCENT_COLOR_NAME = AccentColor;
				CODE_SIGN_ENTITLEMENTS = Seen/Seen.entitlements;
				CODE_SIGN_STYLE = Automatic;
				CURRENT_PROJECT_VERSION = 1;
				DEVELOPMENT_ASSET_PATHS = "\"Seen/Preview Content\"";
				DEVELOPMENT_TEAM = 27Y9ZYVDJZ;
				ENABLE_PREVIEWS = YES;
				GENERATE_INFOPLIST_FILE = YES;
				"INFOPLIST_KEY_UIApplicationSceneManifest_Generation[sdk=iphoneos*]" = YES;
				"INFOPLIST_KEY_UIApplicationSceneManifest_Generation[sdk=iphonesimulator*]" = YES;
				"INFOPLIST_KEY_UIApplicationSupportsIndirectInputEvents[sdk=iphoneos*]" = YES;
				"INFOPLIST_KEY_UIApplicationSupportsIndirectInputEvents[sdk=iphonesimulator*]" = YES;
				"INFOPLIST_KEY_UILaunchScreen_Generation[sdk=iphoneos*]" = YES;
				"INFOPLIST_KEY_UILaunchScreen_Generation[sdk=iphonesimulator*]" = YES;
				"INFOPLIST_KEY_UIStatusBarStyle[sdk=iphoneos*]" = UIStatusBarStyleDefault;
				"INFOPLIST_KEY_UIStatusBarStyle[sdk=iphonesimulator*]" = UIStatusBarStyleDefault;
				INFOPLIST_KEY_UISupportedInterfaceOrientations_iPad = "UIInterfaceOrientationPortrait UIInterfaceOrientationPortraitUpsideDown UIInterfaceOrientationLandscapeLeft UIInterfaceOrientationLandscapeRight";
				INFOPLIST_KEY_UISupportedInterfaceOrientations_iPhone = "UIInterfaceOrientationPortrait UIInterfaceOrientationLandscapeLeft UIInterfaceOrientationLandscapeRight";
				IPHONEOS_DEPLOYMENT_TARGET = 16.0;
				LD_RUNPATH_SEARCH_PATHS = "@executable_path/Frameworks";
				"LD_RUNPATH_SEARCH_PATHS[sdk=macosx*]" = "@executable_path/../Frameworks";
				MACOSX_DEPLOYMENT_TARGET = 12.3;
				MARKETING_VERSION = 1.0;
				PRODUCT_BUNDLE_IDENTIFIER = com.songchitech.Seen;
				PRODUCT_NAME = "$(TARGET_NAME)";
				SDKROOT = auto;
				SUPPORTED_PLATFORMS = "iphoneos iphonesimulator macosx";
				SWIFT_EMIT_LOC_STRINGS = YES;
				SWIFT_VERSION = 5.0;
				TARGETED_DEVICE_FAMILY = "1,2";
			};
			name = Debug;
		};
		6964076328EBDFFA00B0FEF9 /* Release */ = {
			isa = XCBuildConfiguration;
			buildSettings = {
				ASSETCATALOG_COMPILER_APPICON_NAME = AppIcon;
				ASSETCATALOG_COMPILER_GLOBAL_ACCENT_COLOR_NAME = AccentColor;
				CODE_SIGN_ENTITLEMENTS = Seen/Seen.entitlements;
				CODE_SIGN_STYLE = Automatic;
				CURRENT_PROJECT_VERSION = 1;
				DEVELOPMENT_ASSET_PATHS = "\"Seen/Preview Content\"";
				ENABLE_PREVIEWS = YES;
				GENERATE_INFOPLIST_FILE = YES;
				"INFOPLIST_KEY_UIApplicationSceneManifest_Generation[sdk=iphoneos*]" = YES;
				"INFOPLIST_KEY_UIApplicationSceneManifest_Generation[sdk=iphonesimulator*]" = YES;
				"INFOPLIST_KEY_UIApplicationSupportsIndirectInputEvents[sdk=iphoneos*]" = YES;
				"INFOPLIST_KEY_UIApplicationSupportsIndirectInputEvents[sdk=iphonesimulator*]" = YES;
				"INFOPLIST_KEY_UILaunchScreen_Generation[sdk=iphoneos*]" = YES;
				"INFOPLIST_KEY_UILaunchScreen_Generation[sdk=iphonesimulator*]" = YES;
				"INFOPLIST_KEY_UIStatusBarStyle[sdk=iphoneos*]" = UIStatusBarStyleDefault;
				"INFOPLIST_KEY_UIStatusBarStyle[sdk=iphonesimulator*]" = UIStatusBarStyleDefault;
				INFOPLIST_KEY_UISupportedInterfaceOrientations_iPad = "UIInterfaceOrientationPortrait UIInterfaceOrientationPortraitUpsideDown UIInterfaceOrientationLandscapeLeft UIInterfaceOrientationLandscapeRight";
				INFOPLIST_KEY_UISupportedInterfaceOrientations_iPhone = "UIInterfaceOrientationPortrait UIInterfaceOrientationLandscapeLeft UIInterfaceOrientationLandscapeRight";
				IPHONEOS_DEPLOYMENT_TARGET = 16.0;
				LD_RUNPATH_SEARCH_PATHS = "@executable_path/Frameworks";
				"LD_RUNPATH_SEARCH_PATHS[sdk=macosx*]" = "@executable_path/../Frameworks";
				MACOSX_DEPLOYMENT_TARGET = 12.3;
				MARKETING_VERSION = 1.0;
				PRODUCT_BUNDLE_IDENTIFIER = com.songchitech.Seen;
				PRODUCT_NAME = "$(TARGET_NAME)";
				SDKROOT = auto;
				SUPPORTED_PLATFORMS = "iphoneos iphonesimulator macosx";
				SWIFT_EMIT_LOC_STRINGS = YES;
				SWIFT_VERSION = 5.0;
				TARGETED_DEVICE_FAMILY = "1,2";
			};
			name = Release;
		};
		6964076528EBDFFA00B0FEF9 /* Debug */ = {
			isa = XCBuildConfiguration;
			buildSettings = {
				ALWAYS_EMBED_SWIFT_STANDARD_LIBRARIES = YES;
				BUNDLE_LOADER = "$(TEST_HOST)";
				CODE_SIGN_STYLE = Automatic;
				CURRENT_PROJECT_VERSION = 1;
				GENERATE_INFOPLIST_FILE = YES;
				IPHONEOS_DEPLOYMENT_TARGET = 16.0;
				MACOSX_DEPLOYMENT_TARGET = 12.3;
				MARKETING_VERSION = 1.0;
				PRODUCT_BUNDLE_IDENTIFIER = com.songchitech.SeenTests;
				PRODUCT_NAME = "$(TARGET_NAME)";
				SDKROOT = auto;
				SUPPORTED_PLATFORMS = "iphoneos iphonesimulator macosx";
				SWIFT_EMIT_LOC_STRINGS = NO;
				SWIFT_VERSION = 5.0;
				TARGETED_DEVICE_FAMILY = "1,2";
				TEST_HOST = "$(BUILT_PRODUCTS_DIR)/Seen.app/$(BUNDLE_EXECUTABLE_FOLDER_PATH)/Seen";
			};
			name = Debug;
		};
		6964076628EBDFFA00B0FEF9 /* Release */ = {
			isa = XCBuildConfiguration;
			buildSettings = {
				ALWAYS_EMBED_SWIFT_STANDARD_LIBRARIES = YES;
				BUNDLE_LOADER = "$(TEST_HOST)";
				CODE_SIGN_STYLE = Automatic;
				CURRENT_PROJECT_VERSION = 1;
				GENERATE_INFOPLIST_FILE = YES;
				IPHONEOS_DEPLOYMENT_TARGET = 16.0;
				MACOSX_DEPLOYMENT_TARGET = 12.3;
				MARKETING_VERSION = 1.0;
				PRODUCT_BUNDLE_IDENTIFIER = com.songchitech.SeenTests;
				PRODUCT_NAME = "$(TARGET_NAME)";
				SDKROOT = auto;
				SUPPORTED_PLATFORMS = "iphoneos iphonesimulator macosx";
				SWIFT_EMIT_LOC_STRINGS = NO;
				SWIFT_VERSION = 5.0;
				TARGETED_DEVICE_FAMILY = "1,2";
				TEST_HOST = "$(BUILT_PRODUCTS_DIR)/Seen.app/$(BUNDLE_EXECUTABLE_FOLDER_PATH)/Seen";
			};
			name = Release;
		};
		6964076828EBDFFA00B0FEF9 /* Debug */ = {
			isa = XCBuildConfiguration;
			buildSettings = {
				ALWAYS_EMBED_SWIFT_STANDARD_LIBRARIES = YES;
				CODE_SIGN_STYLE = Automatic;
				CURRENT_PROJECT_VERSION = 1;
				GENERATE_INFOPLIST_FILE = YES;
				IPHONEOS_DEPLOYMENT_TARGET = 16.0;
				MACOSX_DEPLOYMENT_TARGET = 12.3;
				MARKETING_VERSION = 1.0;
				PRODUCT_BUNDLE_IDENTIFIER = com.songchitech.SeenUITests;
				PRODUCT_NAME = "$(TARGET_NAME)";
				SDKROOT = auto;
				SUPPORTED_PLATFORMS = "iphoneos iphonesimulator macosx";
				SWIFT_EMIT_LOC_STRINGS = NO;
				SWIFT_VERSION = 5.0;
				TARGETED_DEVICE_FAMILY = "1,2";
				TEST_TARGET_NAME = Seen;
			};
			name = Debug;
		};
		6964076928EBDFFA00B0FEF9 /* Release */ = {
			isa = XCBuildConfiguration;
			buildSettings = {
				ALWAYS_EMBED_SWIFT_STANDARD_LIBRARIES = YES;
				CODE_SIGN_STYLE = Automatic;
				CURRENT_PROJECT_VERSION = 1;
				GENERATE_INFOPLIST_FILE = YES;
				IPHONEOS_DEPLOYMENT_TARGET = 16.0;
				MACOSX_DEPLOYMENT_TARGET = 12.3;
				MARKETING_VERSION = 1.0;
				PRODUCT_BUNDLE_IDENTIFIER = com.songchitech.SeenUITests;
				PRODUCT_NAME = "$(TARGET_NAME)";
				SDKROOT = auto;
				SUPPORTED_PLATFORMS = "iphoneos iphonesimulator macosx";
				SWIFT_EMIT_LOC_STRINGS = NO;
				SWIFT_VERSION = 5.0;
				TARGETED_DEVICE_FAMILY = "1,2";
				TEST_TARGET_NAME = Seen;
			};
			name = Release;
		};
/* End XCBuildConfiguration section */

/* Begin XCConfigurationList section */
		6964073728EBDFF900B0FEF9 /* Build configuration list for PBXProject "Seen" */ = {
			isa = XCConfigurationList;
			buildConfigurations = (
				6964075F28EBDFFA00B0FEF9 /* Debug */,
				6964076028EBDFFA00B0FEF9 /* Release */,
			);
			defaultConfigurationIsVisible = 0;
			defaultConfigurationName = Release;
		};
		6964076128EBDFFA00B0FEF9 /* Build configuration list for PBXNativeTarget "Seen" */ = {
			isa = XCConfigurationList;
			buildConfigurations = (
				6964076228EBDFFA00B0FEF9 /* Debug */,
				6964076328EBDFFA00B0FEF9 /* Release */,
			);
			defaultConfigurationIsVisible = 0;
			defaultConfigurationName = Release;
		};
		6964076428EBDFFA00B0FEF9 /* Build configuration list for PBXNativeTarget "SeenTests" */ = {
			isa = XCConfigurationList;
			buildConfigurations = (
				6964076528EBDFFA00B0FEF9 /* Debug */,
				6964076628EBDFFA00B0FEF9 /* Release */,
			);
			defaultConfigurationIsVisible = 0;
			defaultConfigurationName = Release;
		};
		6964076728EBDFFA00B0FEF9 /* Build configuration list for PBXNativeTarget "SeenUITests" */ = {
			isa = XCConfigurationList;
			buildConfigurations = (
				6964076828EBDFFA00B0FEF9 /* Debug */,
				6964076928EBDFFA00B0FEF9 /* Release */,
			);
			defaultConfigurationIsVisible = 0;
			defaultConfigurationName = Release;
		};
/* End XCConfigurationList section */
	};
	rootObject = 6964073428EBDFF900B0FEF9 /* Project object */;
}
